
Microsoft Visual Studio Solution File, Format Version 12.00
# Visual Studio Version 17
VisualStudioVersion = 17.4.33122.133
MinimumVisualStudioVersion = 10.0.40219.1
Project("{FAE04EC0-301F-11D3-BF4B-00C04F79EFBC}") = "NETSerilog_a", "NETSerilog_a\NETSerilog_a.csproj", "{00F05FDC-6296-4D72-B204-F2DFCFF3CE06}"
EndProject
Global
	GlobalSection(SolutionConfigurationPlatforms) = preSolution
		Debug|Any CPU = Debug|Any CPU
		Release|Any CPU = Release|Any CPU
	EndGlobalSection
	GlobalSection(ProjectConfigurationPlatforms) = postSolution
		{00F05FDC-6296-4D72-B204-F2DFCFF3CE06}.Debug|Any CPU.ActiveCfg = Debug|Any CPU
		{00F05FDC-6296-4D72-B204-F2DFCFF3CE06}.Debug|Any CPU.Build.0 = Debug|Any CPU
		{00F05FDC-6296-4D72-B204-F2DFCFF3CE06}.Release|Any CPU.ActiveCfg = Release|Any CPU
		{00F05FDC-6296-4D72-B204-F2DFCFF3CE06}.Release|Any CPU.Build.0 = Release|Any CPU
	EndGlobalSection
	GlobalSection(SolutionProperties) = preSolution
		HideSolutionNode = FALSE
	EndGlobalSection
	GlobalSection(ExtensibilityGlobals) = postSolution
		SolutionGuid = {F4743193-A6DB-41AA-8C48-DA08A31FA835}
	EndGlobalSection
EndGlobal
